
Microsoft Visual Studio Solution File, Format Version 12.00
# Visual Studio Version 17
VisualStudioVersion = 17.5.002.0
MinimumVisualStudioVersion = 10.0.40219.1
Project("{9A19103F-16F7-4668-BE54-9A1E7A4F7556}") = "WebApi", "WebApi.csproj", "{BD40F8B7-144E-4381-A160-D7904FE7ACF7}"
EndProject
Global
	GlobalSection(SolutionConfigurationPlatforms) = preSolution
		Debug|Any CPU = Debug|Any CPU
		Release|Any CPU = Release|Any CPU
	EndGlobalSection
	GlobalSection(ProjectConfigurationPlatforms) = postSolution
		{BD40F8B7-144E-4381-A160-D7904FE7ACF7}.Debug|Any CPU.ActiveCfg = Debug|Any CPU
		{BD40F8B7-144E-4381-A160-D7904FE7ACF7}.Debug|Any CPU.Build.0 = Debug|Any CPU
		{BD40F8B7-144E-4381-A160-D7904FE7ACF7}.Release|Any CPU.ActiveCfg = Release|Any CPU
		{BD40F8B7-144E-4381-A160-D7904FE7ACF7}.Release|Any CPU.Build.0 = Release|Any CPU
	EndGlobalSection
	GlobalSection(SolutionProperties) = preSolution
		HideSolutionNode = FALSE
	EndGlobalSection
	GlobalSection(ExtensibilityGlobals) = postSolution
		SolutionGuid = {7CE54F32-81BE-466B-A593-F0B13014C71D}
	EndGlobalSection
EndGlobal
